
Microsoft Visual Studio Solution File, Format Version 12.00
# Visual Studio Version 17
VisualStudioVersion = 17.5.002.0
MinimumVisualStudioVersion = 10.0.40219.1
Project("{2150E333-8FDC-42A3-9474-1A3956D46DE8}") = "Evidencias-semana-8-9-y-10", "Evidencias-semana-8-9-y-10", "{B5E5F594-1611-4258-8442-8BDA335524E2}"
EndProject
Project("{9A19103F-16F7-4668-BE54-9A1E7A4F7556}") = "19-EnumsAndSwitch", "Evidencias-semana-8-9-y-10\19-Enumeraciones y cambios\19-EnumsAndSwitch.csproj", "{F1BCC794-0E54-4206-ADC0-2E9164806F1B}"
EndProject
Project("{9A19103F-16F7-4668-BE54-9A1E7A4F7556}") = "21-WPFEvents", "Evidencias-semana-8-9-y-10\22-WPFEventos\21-WPFEvents.csproj", "{A19A7C5A-4A3B-4D3E-A049-F265643A6387}"
EndProject
Project("{9A19103F-16F7-4668-BE54-9A1E7A4F7556}") = "14-NamespacesAndReferencingAssemblies", "Evidencias-semana-8-9-y-10\14-Espacios de nombres y ensamblajes\14-NamespacesAndReferencingAssemblies.csproj", "{74D5F655-4F9B-4E48-B6F8-250C7F5A9108}"
EndProject
Project("{9A19103F-16F7-4668-BE54-9A1E7A4F7556}") = "02-Variables", "Evidencias-semana-8-9-y-10\2-Variables\02-Variables.csproj", "{BF5B1B27-BDFC-4A4C-907E-57EC625AD5D7}"
EndProject
Project("{9A19103F-16F7-4668-BE54-9A1E7A4F7556}") = "01-HelloWorld", "Evidencias-semana-8-9-y-10\1-Hola mundo\01-HelloWorld.csproj", "{F0E53891-0C14-4EC7-9B5C-86A5BC06B69B}"
EndProject
Project("{9A19103F-16F7-4668-BE54-9A1E7A4F7556}") = "17-WorkingWithCollections", "Evidencias-semana-8-9-y-10\17-Trabajando con colecciones\17-WorkingWithCollections.csproj", "{2A0D8497-0FE8-4871-96AE-4CDD1A539B39}"
EndProject
Project("{9A19103F-16F7-4668-BE54-9A1E7A4F7556}") = "07a-HelperMethods", "Evidencias-semana-8-9-y-10\7.1-Metodos de ayuda\07a-HelperMethods.csproj", "{988199BF-1744-4E43-A7C4-D57C75840218}"
EndProject
Project("{9A19103F-16F7-4668-BE54-9A1E7A4F7556}") = "08-WhileIteration", "Evidencias-semana-8-9-y-10\8-Mientras iteración\08-WhileIteration.csproj", "{9C8E9236-AA89-430E-A416-DE93F946CB4E}"
EndProject
Project("{9A19103F-16F7-4668-BE54-9A1E7A4F7556}") = "09-WorkingWithStrings", "Evidencias-semana-8-9-y-10\9-Trabajando con cadenas\09-WorkingWithStrings.csproj", "{E71D1EA3-8CF4-4016-BC58-0237C66C7983}"
EndProject
Project("{9A19103F-16F7-4668-BE54-9A1E7A4F7556}") = "12-ObjectLifeTime", "Evidencias-semana-8-9-y-10\12-ObjetoVidaTiempo\12-ObjectLifeTime.csproj", "{B0D4A48C-5830-4D76-B4DE-768A82F8652A}"
EndProject
Project("{9A19103F-16F7-4668-BE54-9A1E7A4F7556}") = "05-ForIteration", "Evidencias-semana-8-9-y-10\5-Foriteracion\05-ForIteration.csproj", "{7A280589-015C-4E99-AC7C-7C49FB97EE8D}"
EndProject
Project("{9A19103F-16F7-4668-BE54-9A1E7A4F7556}") = "07b-HelperMethods", "Evidencias-semana-8-9-y-10\7.2-Metodos de ayuda\07b-HelperMethods.csproj", "{A8B02881-216B-4F86-924B-7442A139A423}"
EndProject
Project("{9A19103F-16F7-4668-BE54-9A1E7A4F7556}") = "11-SimpleClasses", "Evidencias-semana-8-9-y-10\11-Clases simples\11-SimpleClasses.csproj", "{1CD49C27-18CF-430D-A570-83DEDA207974}"
EndProject
Project("{9A19103F-16F7-4668-BE54-9A1E7A4F7556}") = "14-UnderstandingScope", "Evidencias-semana-8-9-y-10\15 -Comprensión del alcance\14-UnderstandingScope.csproj", "{F1063C0D-C808-463E-B334-D2EBB783D007}"
EndProject
Project("{9A19103F-16F7-4668-BE54-9A1E7A4F7556}") = "18-UnderstandingLINQ", "Evidencias-semana-8-9-y-10\18-Comprensión de LINQ\18-UnderstandingLINQ.csproj", "{7A94A6E1-8FA6-4DC4-912B-AFFF06FF4223}"
EndProject
Project("{9A19103F-16F7-4668-BE54-9A1E7A4F7556}") = "20-HandlingException", "Evidencias-semana-8-9-y-10\20-Manejo de excepción\20-HandlingException.csproj", "{2BA3CCF1-ED76-41AB-97B1-39BF143FED9E}"
EndProject
Project("{9A19103F-16F7-4668-BE54-9A1E7A4F7556}") = "10-DatesAndTimes", "Evidencias-semana-8-9-y-10\10-Fechas y horas\10-DatesAndTimes.csproj", "{64D1F946-7CF6-4504-8802-E90D592A9D9A}"
EndProject
Project("{9A19103F-16F7-4668-BE54-9A1E7A4F7556}") = "04-OperatorsExpressionsStatements", "Evidencias-semana-8-9-y-10\4-Operacion Expresiones\04-OperatorsExpressionsStatements.csproj", "{825DADCA-E05B-41C2-883F-D6EA9696340C}"
EndProject
Project("{9A19103F-16F7-4668-BE54-9A1E7A4F7556}") = "03-Decisions", "Evidencias-semana-8-9-y-10\3-Decisiones\03-Decisions.csproj", "{781BDE26-7F6A-4EFD-8361-3267D06CE2BE}"
EndProject
Project("{9A19103F-16F7-4668-BE54-9A1E7A4F7556}") = "7-HelperMethods", "Evidencias-semana-8-9-y-10\7-Métodos de ayuda\7-HelperMethods.csproj", "{29FBA8F4-780D-4A89-A994-0A2B8F21F11C}"
EndProject
Project("{9A19103F-16F7-4668-BE54-9A1E7A4F7556}") = "15-AssembliesAndNamespaces", "Evidencias-semana-8-9-y-10\16-Asambleas y espacios de nombres\15-AssembliesAndNamespaces.csproj", "{43A57ACD-658B-4D59-A21C-F8BE6E4D1E59}"
EndProject
Project("{9A19103F-16F7-4668-BE54-9A1E7A4F7556}") = "13-ClassesInheritance", "Evidencias-semana-8-9-y-10\13-ClasesHerencia\13-ClassesInheritance.csproj", "{674173FA-E51C-42D6-BECE-8E5C444468BA}"
EndProject
Project("{9A19103F-16F7-4668-BE54-9A1E7A4F7556}") = "06-UnderstandingArrays", "Evidencias-semana-8-9-y-10\6-Comprender las matrices\06-UnderstandingArrays.csproj", "{210FBE88-8075-4528-962F-81BFAD9EF194}"
EndProject
Project("{9A19103F-16F7-4668-BE54-9A1E7A4F7556}") = "20-TimerExample", "Evidencias-semana-8-9-y-10\21-Temporizador Ejemplo\20-TimerExample.csproj", "{C816E077-6AC3-4CDC-8E0F-2D04FD1B25EF}"
EndProject
Global
	GlobalSection(SolutionConfigurationPlatforms) = preSolution
		Debug|Any CPU = Debug|Any CPU
		Release|Any CPU = Release|Any CPU
	EndGlobalSection
	GlobalSection(ProjectConfigurationPlatforms) = postSolution
		{F1BCC794-0E54-4206-ADC0-2E9164806F1B}.Debug|Any CPU.ActiveCfg = Debug|Any CPU
		{F1BCC794-0E54-4206-ADC0-2E9164806F1B}.Debug|Any CPU.Build.0 = Debug|Any CPU
		{F1BCC794-0E54-4206-ADC0-2E9164806F1B}.Release|Any CPU.ActiveCfg = Release|Any CPU
		{F1BCC794-0E54-4206-ADC0-2E9164806F1B}.Release|Any CPU.Build.0 = Release|Any CPU
		{A19A7C5A-4A3B-4D3E-A049-F265643A6387}.Debug|Any CPU.ActiveCfg = Debug|Any CPU
		{A19A7C5A-4A3B-4D3E-A049-F265643A6387}.Debug|Any CPU.Build.0 = Debug|Any CPU
		{A19A7C5A-4A3B-4D3E-A049-F265643A6387}.Release|Any CPU.ActiveCfg = Release|Any CPU
		{A19A7C5A-4A3B-4D3E-A049-F265643A6387}.Release|Any CPU.Build.0 = Release|Any CPU
		{74D5F655-4F9B-4E48-B6F8-250C7F5A9108}.Debug|Any CPU.ActiveCfg = Debug|Any CPU
		{74D5F655-4F9B-4E48-B6F8-250C7F5A9108}.Debug|Any CPU.Build.0 = Debug|Any CPU
		{74D5F655-4F9B-4E48-B6F8-250C7F5A9108}.Release|Any CPU.ActiveCfg = Release|Any CPU
		{74D5F655-4F9B-4E48-B6F8-250C7F5A9108}.Release|Any CPU.Build.0 = Release|Any CPU
		{BF5B1B27-BDFC-4A4C-907E-57EC625AD5D7}.Debug|Any CPU.ActiveCfg = Debug|Any CPU
		{BF5B1B27-BDFC-4A4C-907E-57EC625AD5D7}.Debug|Any CPU.Build.0 = Debug|Any CPU
		{BF5B1B27-BDFC-4A4C-907E-57EC625AD5D7}.Release|Any CPU.ActiveCfg = Release|Any CPU
		{BF5B1B27-BDFC-4A4C-907E-57EC625AD5D7}.Release|Any CPU.Build.0 = Release|Any CPU
		{F0E53891-0C14-4EC7-9B5C-86A5BC06B69B}.Debug|Any CPU.ActiveCfg = Debug|Any CPU
		{F0E53891-0C14-4EC7-9B5C-86A5BC06B69B}.Debug|Any CPU.Build.0 = Debug|Any CPU
		{F0E53891-0C14-4EC7-9B5C-86A5BC06B69B}.Release|Any CPU.ActiveCfg = Release|Any CPU
		{F0E53891-0C14-4EC7-9B5C-86A5BC06B69B}.Release|Any CPU.Build.0 = Release|Any CPU
		{2A0D8497-0FE8-4871-96AE-4CDD1A539B39}.Debug|Any CPU.ActiveCfg = Debug|Any CPU
		{2A0D8497-0FE8-4871-96AE-4CDD1A539B39}.Debug|Any CPU.Build.0 = Debug|Any CPU
		{2A0D8497-0FE8-4871-96AE-4CDD1A539B39}.Release|Any CPU.ActiveCfg = Release|Any CPU
		{2A0D8497-0FE8-4871-96AE-4CDD1A539B39}.Release|Any CPU.Build.0 = Release|Any CPU
		{988199BF-1744-4E43-A7C4-D57C75840218}.Debug|Any CPU.ActiveCfg = Debug|Any CPU
		{988199BF-1744-4E43-A7C4-D57C75840218}.Debug|Any CPU.Build.0 = Debug|Any CPU
		{988199BF-1744-4E43-A7C4-D57C75840218}.Release|Any CPU.ActiveCfg = Release|Any CPU
		{988199BF-1744-4E43-A7C4-D57C75840218}.Release|Any CPU.Build.0 = Release|Any CPU
		{9C8E9236-AA89-430E-A416-DE93F946CB4E}.Debug|Any CPU.ActiveCfg = Debug|Any CPU
		{9C8E9236-AA89-430E-A416-DE93F946CB4E}.Debug|Any CPU.Build.0 = Debug|Any CPU
		{9C8E9236-AA89-430E-A416-DE93F946CB4E}.Release|Any CPU.ActiveCfg = Release|Any CPU
		{9C8E9236-AA89-430E-A416-DE93F946CB4E}.Release|Any CPU.Build.0 = Release|Any CPU
		{E71D1EA3-8CF4-4016-BC58-0237C66C7983}.Debug|Any CPU.ActiveCfg = Debug|Any CPU
		{E71D1EA3-8CF4-4016-BC58-0237C66C7983}.Debug|Any CPU.Build.0 = Debug|Any CPU
		{E71D1EA3-8CF4-4016-BC58-0237C66C7983}.Release|Any CPU.ActiveCfg = Release|Any CPU
		{E71D1EA3-8CF4-4016-BC58-0237C66C7983}.Release|Any CPU.Build.0 = Release|Any CPU
		{B0D4A48C-5830-4D76-B4DE-768A82F8652A}.Debug|Any CPU.ActiveCfg = Debug|Any CPU
		{B0D4A48C-5830-4D76-B4DE-768A82F8652A}.Debug|Any CPU.Build.0 = Debug|Any CPU
		{B0D4A48C-5830-4D76-B4DE-768A82F8652A}.Release|Any CPU.ActiveCfg = Release|Any CPU
		{B0D4A48C-5830-4D76-B4DE-768A82F8652A}.Release|Any CPU.Build.0 = Release|Any CPU
		{7A280589-015C-4E99-AC7C-7C49FB97EE8D}.Debug|Any CPU.ActiveCfg = Debug|Any CPU
		{7A280589-015C-4E99-AC7C-7C49FB97EE8D}.Debug|Any CPU.Build.0 = Debug|Any CPU
		{7A280589-015C-4E99-AC7C-7C49FB97EE8D}.Release|Any CPU.ActiveCfg = Release|Any CPU
		{7A280589-015C-4E99-AC7C-7C49FB97EE8D}.Release|Any CPU.Build.0 = Release|Any CPU
		{A8B02881-216B-4F86-924B-7442A139A423}.Debug|Any CPU.ActiveCfg = Debug|Any CPU
		{A8B02881-216B-4F86-924B-7442A139A423}.Debug|Any CPU.Build.0 = Debug|Any CPU
		{A8B02881-216B-4F86-924B-7442A139A423}.Release|Any CPU.ActiveCfg = Release|Any CPU
		{A8B02881-216B-4F86-924B-7442A139A423}.Release|Any CPU.Build.0 = Release|Any CPU
		{1CD49C27-18CF-430D-A570-83DEDA207974}.Debug|Any CPU.ActiveCfg = Debug|Any CPU
		{1CD49C27-18CF-430D-A570-83DEDA207974}.Debug|Any CPU.Build.0 = Debug|Any CPU
		{1CD49C27-18CF-430D-A570-83DEDA207974}.Release|Any CPU.ActiveCfg = Release|Any CPU
		{1CD49C27-18CF-430D-A570-83DEDA207974}.Release|Any CPU.Build.0 = Release|Any CPU
		{F1063C0D-C808-463E-B334-D2EBB783D007}.Debug|Any CPU.ActiveCfg = Debug|Any CPU
		{F1063C0D-C808-463E-B334-D2EBB783D007}.Debug|Any CPU.Build.0 = Debug|Any CPU
		{F1063C0D-C808-463E-B334-D2EBB783D007}.Release|Any CPU.ActiveCfg = Release|Any CPU
		{F1063C0D-C808-463E-B334-D2EBB783D007}.Release|Any CPU.Build.0 = Release|Any CPU
		{7A94A6E1-8FA6-4DC4-912B-AFFF06FF4223}.Debug|Any CPU.ActiveCfg = Debug|Any CPU
		{7A94A6E1-8FA6-4DC4-912B-AFFF06FF4223}.Debug|Any CPU.Build.0 = Debug|Any CPU
		{7A94A6E1-8FA6-4DC4-912B-AFFF06FF4223}.Release|Any CPU.ActiveCfg = Release|Any CPU
		{7A94A6E1-8FA6-4DC4-912B-AFFF06FF4223}.Release|Any CPU.Build.0 = Release|Any CPU
		{2BA3CCF1-ED76-41AB-97B1-39BF143FED9E}.Debug|Any CPU.ActiveCfg = Debug|Any CPU
		{2BA3CCF1-ED76-41AB-97B1-39BF143FED9E}.Debug|Any CPU.Build.0 = Debug|Any CPU
		{2BA3CCF1-ED76-41AB-97B1-39BF143FED9E}.Release|Any CPU.ActiveCfg = Release|Any CPU
		{2BA3CCF1-ED76-41AB-97B1-39BF143FED9E}.Release|Any CPU.Build.0 = Release|Any CPU
		{64D1F946-7CF6-4504-8802-E90D592A9D9A}.Debug|Any CPU.ActiveCfg = Debug|Any CPU
		{64D1F946-7CF6-4504-8802-E90D592A9D9A}.Debug|Any CPU.Build.0 = Debug|Any CPU
		{64D1F946-7CF6-4504-8802-E90D592A9D9A}.Release|Any CPU.ActiveCfg = Release|Any CPU
		{64D1F946-7CF6-4504-8802-E90D592A9D9A}.Release|Any CPU.Build.0 = Release|Any CPU
		{825DADCA-E05B-41C2-883F-D6EA9696340C}.Debug|Any CPU.ActiveCfg = Debug|Any CPU
		{825DADCA-E05B-41C2-883F-D6EA9696340C}.Debug|Any CPU.Build.0 = Debug|Any CPU
		{825DADCA-E05B-41C2-883F-D6EA9696340C}.Release|Any CPU.ActiveCfg = Release|Any CPU
		{825DADCA-E05B-41C2-883F-D6EA9696340C}.Release|Any CPU.Build.0 = Release|Any CPU
		{781BDE26-7F6A-4EFD-8361-3267D06CE2BE}.Debug|Any CPU.ActiveCfg = Debug|Any CPU
		{781BDE26-7F6A-4EFD-8361-3267D06CE2BE}.Debug|Any CPU.Build.0 = Debug|Any CPU
		{781BDE26-7F6A-4EFD-8361-3267D06CE2BE}.Release|Any CPU.ActiveCfg = Release|Any CPU
		{781BDE26-7F6A-4EFD-8361-3267D06CE2BE}.Release|Any CPU.Build.0 = Release|Any CPU
		{29FBA8F4-780D-4A89-A994-0A2B8F21F11C}.Debug|Any CPU.ActiveCfg = Debug|Any CPU
		{29FBA8F4-780D-4A89-A994-0A2B8F21F11C}.Debug|Any CPU.Build.0 = Debug|Any CPU
		{29FBA8F4-780D-4A89-A994-0A2B8F21F11C}.Release|Any CPU.ActiveCfg = Release|Any CPU
		{29FBA8F4-780D-4A89-A994-0A2B8F21F11C}.Release|Any CPU.Build.0 = Release|Any CPU
		{43A57ACD-658B-4D59-A21C-F8BE6E4D1E59}.Debug|Any CPU.ActiveCfg = Debug|Any CPU
		{43A57ACD-658B-4D59-A21C-F8BE6E4D1E59}.Debug|Any CPU.Build.0 = Debug|Any CPU
		{43A57ACD-658B-4D59-A21C-F8BE6E4D1E59}.Release|Any CPU.ActiveCfg = Release|Any CPU
		{43A57ACD-658B-4D59-A21C-F8BE6E4D1E59}.Release|Any CPU.Build.0 = Release|Any CPU
		{674173FA-E51C-42D6-BECE-8E5C444468BA}.Debug|Any CPU.ActiveCfg = Debug|Any CPU
		{674173FA-E51C-42D6-BECE-8E5C444468BA}.Debug|Any CPU.Build.0 = Debug|Any CPU
		{674173FA-E51C-42D6-BECE-8E5C444468BA}.Release|Any CPU.ActiveCfg = Release|Any CPU
		{674173FA-E51C-42D6-BECE-8E5C444468BA}.Release|Any CPU.Build.0 = Release|Any CPU
		{210FBE88-8075-4528-962F-81BFAD9EF194}.Debug|Any CPU.ActiveCfg = Debug|Any CPU
		{210FBE88-8075-4528-962F-81BFAD9EF194}.Debug|Any CPU.Build.0 = Debug|Any CPU
		{210FBE88-8075-4528-962F-81BFAD9EF194}.Release|Any CPU.ActiveCfg = Release|Any CPU
		{210FBE88-8075-4528-962F-81BFAD9EF194}.Release|Any CPU.Build.0 = Release|Any CPU
		{C816E077-6AC3-4CDC-8E0F-2D04FD1B25EF}.Debug|Any CPU.ActiveCfg = Debug|Any CPU
		{C816E077-6AC3-4CDC-8E0F-2D04FD1B25EF}.Debug|Any CPU.Build.0 = Debug|Any CPU
		{C816E077-6AC3-4CDC-8E0F-2D04FD1B25EF}.Release|Any CPU.ActiveCfg = Release|Any CPU
		{C816E077-6AC3-4CDC-8E0F-2D04FD1B25EF}.Release|Any CPU.Build.0 = Release|Any CPU
	EndGlobalSection
	GlobalSection(SolutionProperties) = preSolution
		HideSolutionNode = FALSE
	EndGlobalSection
	GlobalSection(NestedProjects) = preSolution
		{F1BCC794-0E54-4206-ADC0-2E9164806F1B} = {B5E5F594-1611-4258-8442-8BDA335524E2}
		{A19A7C5A-4A3B-4D3E-A049-F265643A6387} = {B5E5F594-1611-4258-8442-8BDA335524E2}
		{74D5F655-4F9B-4E48-B6F8-250C7F5A9108} = {B5E5F594-1611-4258-8442-8BDA335524E2}
		{BF5B1B27-BDFC-4A4C-907E-57EC625AD5D7} = {B5E5F594-1611-4258-8442-8BDA335524E2}
		{F0E53891-0C14-4EC7-9B5C-86A5BC06B69B} = {B5E5F594-1611-4258-8442-8BDA335524E2}
		{2A0D8497-0FE8-4871-96AE-4CDD1A539B39} = {B5E5F594-1611-4258-8442-8BDA335524E2}
		{988199BF-1744-4E43-A7C4-D57C75840218} = {B5E5F594-1611-4258-8442-8BDA335524E2}
		{9C8E9236-AA89-430E-A416-DE93F946CB4E} = {B5E5F594-1611-4258-8442-8BDA335524E2}
		{E71D1EA3-8CF4-4016-BC58-0237C66C7983} = {B5E5F594-1611-4258-8442-8BDA335524E2}
		{B0D4A48C-5830-4D76-B4DE-768A82F8652A} = {B5E5F594-1611-4258-8442-8BDA335524E2}
		{7A280589-015C-4E99-AC7C-7C49FB97EE8D} = {B5E5F594-1611-4258-8442-8BDA335524E2}
		{A8B02881-216B-4F86-924B-7442A139A423} = {B5E5F594-1611-4258-8442-8BDA335524E2}
		{1CD49C27-18CF-430D-A570-83DEDA207974} = {B5E5F594-1611-4258-8442-8BDA335524E2}
		{F1063C0D-C808-463E-B334-D2EBB783D007} = {B5E5F594-1611-4258-8442-8BDA335524E2}
		{7A94A6E1-8FA6-4DC4-912B-AFFF06FF4223} = {B5E5F594-1611-4258-8442-8BDA335524E2}
		{2BA3CCF1-ED76-41AB-97B1-39BF143FED9E} = {B5E5F594-1611-4258-8442-8BDA335524E2}
		{64D1F946-7CF6-4504-8802-E90D592A9D9A} = {B5E5F594-1611-4258-8442-8BDA335524E2}
		{825DADCA-E05B-41C2-883F-D6EA9696340C} = {B5E5F594-1611-4258-8442-8BDA335524E2}
		{781BDE26-7F6A-4EFD-8361-3267D06CE2BE} = {B5E5F594-1611-4258-8442-8BDA335524E2}
		{29FBA8F4-780D-4A89-A994-0A2B8F21F11C} = {B5E5F594-1611-4258-8442-8BDA335524E2}
		{43A57ACD-658B-4D59-A21C-F8BE6E4D1E59} = {B5E5F594-1611-4258-8442-8BDA335524E2}
		{674173FA-E51C-42D6-BECE-8E5C444468BA} = {B5E5F594-1611-4258-8442-8BDA335524E2}
		{210FBE88-8075-4528-962F-81BFAD9EF194} = {B5E5F594-1611-4258-8442-8BDA335524E2}
		{C816E077-6AC3-4CDC-8E0F-2D04FD1B25EF} = {B5E5F594-1611-4258-8442-8BDA335524E2}
	EndGlobalSection
	GlobalSection(ExtensibilityGlobals) = postSolution
		SolutionGuid = {5704CEE1-70EA-40BE-B693-393D2405AB47}
	EndGlobalSection
EndGlobal
